// !$*UTF8*$!
{
	archiveVersion = 1;
	classes = {
	};
	objectVersion = 56;
	objects = {

/* Begin PBXBuildFile section */
		C00847D62B296ECB00513AD1 /* MailMagaData.swift in Sources */ = {isa = PBXBuildFile; fileRef = C00847D52B296ECB00513AD1 /* MailMagaData.swift */; };
		C00847DA2B29784000513AD1 /* MailMagaRowView.swift in Sources */ = {isa = PBXBuildFile; fileRef = C00847D92B29784000513AD1 /* MailMagaRowView.swift */; };
		C0113EAC2B2DFCBD00302446 /* ChatMessageView.swift in Sources */ = {isa = PBXBuildFile; fileRef = C0113EAB2B2DFCBD00302446 /* ChatMessageView.swift */; };
		C0113EAE2B2DFCE200302446 /* ChatMessageData.swift in Sources */ = {isa = PBXBuildFile; fileRef = C0113EAD2B2DFCE200302446 /* ChatMessageData.swift */; };
		C0113EB02B2E49D100302446 /* User.swift in Sources */ = {isa = PBXBuildFile; fileRef = C0113EAF2B2E49D100302446 /* User.swift */; };
		C012B21B2B20C22800EF072C /* MyAccount.swift in Sources */ = {isa = PBXBuildFile; fileRef = C012B21A2B20C22800EF072C /* MyAccount.swift */; };
		C012B21D2B20C2B100EF072C /* TermsOfService.swift in Sources */ = {isa = PBXBuildFile; fileRef = C012B21C2B20C2B100EF072C /* TermsOfService.swift */; };
		C012B21F2B20C31800EF072C /* Privacy.swift in Sources */ = {isa = PBXBuildFile; fileRef = C012B21E2B20C31800EF072C /* Privacy.swift */; };
		C012B2212B21367B00EF072C /* ChatList.swift in Sources */ = {isa = PBXBuildFile; fileRef = C012B2202B21367B00EF072C /* ChatList.swift */; };
		C03D0CF82B353F6A00DB36B7 /* TermsAndPrivacyData.swift in Sources */ = {isa = PBXBuildFile; fileRef = C03D0CF72B353F6A00DB36B7 /* TermsAndPrivacyData.swift */; };
		C07765782B3110DD00EFBB81 /* ChatBubble.swift in Sources */ = {isa = PBXBuildFile; fileRef = C07765772B3110DD00EFBB81 /* ChatBubble.swift */; };
		C077657A2B31116C00EFBB81 /* ChatMessageCell.swift in Sources */ = {isa = PBXBuildFile; fileRef = C07765792B31116C00EFBB81 /* ChatMessageCell.swift */; };
		C077657C2B31137F00EFBB81 /* Message.swift in Sources */ = {isa = PBXBuildFile; fileRef = C077657B2B31137F00EFBB81 /* Message.swift */; };
		C077657F2B3126F200EFBB81 /* test.swift in Sources */ = {isa = PBXBuildFile; fileRef = C077657E2B3126F200EFBB81 /* test.swift */; };
		C07765812B3128EC00EFBB81 /* LoginView.swift in Sources */ = {isa = PBXBuildFile; fileRef = C07765802B3128EC00EFBB81 /* LoginView.swift */; };
		C07765832B314EAE00EFBB81 /* Verification.swift in Sources */ = {isa = PBXBuildFile; fileRef = C07765822B314EAE00EFBB81 /* Verification.swift */; };
		C07765852B318EA200EFBB81 /* LoginView2.swift in Sources */ = {isa = PBXBuildFile; fileRef = C07765842B318EA200EFBB81 /* LoginView2.swift */; };
		C07765EF2B32C00C00EFBB81 /* landmarkData.json in Resources */ = {isa = PBXBuildFile; fileRef = C07765EE2B32C00C00EFBB81 /* landmarkData.json */; };
		C07765F12B32C08400EFBB81 /* Landmark.swift in Sources */ = {isa = PBXBuildFile; fileRef = C07765F02B32C08400EFBB81 /* Landmark.swift */; };
		C07765F32B32C08C00EFBB81 /* ModelData.swift in Sources */ = {isa = PBXBuildFile; fileRef = C07765F22B32C08C00EFBB81 /* ModelData.swift */; };
		C07765F52B33105600EFBB81 /* MessageData.swift in Sources */ = {isa = PBXBuildFile; fileRef = C07765F42B33105600EFBB81 /* MessageData.swift */; };
		C07BFED12B2C592D00EF18E0 /* MainTabView.swift in Sources */ = {isa = PBXBuildFile; fileRef = C07BFED02B2C592D00EF18E0 /* MainTabView.swift */; };
		C07BFED32B2C6E5C00EF18E0 /* ChatRow.swift in Sources */ = {isa = PBXBuildFile; fileRef = C07BFED22B2C6E5C00EF18E0 /* ChatRow.swift */; };
		C0C0B0B42B1FDFB300D16885 /* TopView.swift in Sources */ = {isa = PBXBuildFile; fileRef = C0C0B0B32B1FDFB300D16885 /* TopView.swift */; };
		C0C0B0B62B1FE41C00D16885 /* ChannelTabView.swift in Sources */ = {isa = PBXBuildFile; fileRef = C0C0B0B52B1FE41C00D16885 /* ChannelTabView.swift */; };
		C0C0B0B82B1FE44A00D16885 /* ChatTabView.swift in Sources */ = {isa = PBXBuildFile; fileRef = C0C0B0B72B1FE44A00D16885 /* ChatTabView.swift */; };
		C0C0B0BA2B1FE46000D16885 /* SettingTabView.swift in Sources */ = {isa = PBXBuildFile; fileRef = C0C0B0B92B1FE46000D16885 /* SettingTabView.swift */; };
		C0C0B0BF2B1FEA7600D16885 /* TitleRow.swift in Sources */ = {isa = PBXBuildFile; fileRef = C0C0B0BE2B1FEA7600D16885 /* TitleRow.swift */; };
		C0C0B0C12B1FEAA100D16885 /* TitleData.swift in Sources */ = {isa = PBXBuildFile; fileRef = C0C0B0C02B1FEAA100D16885 /* TitleData.swift */; };
		C0C0B0C32B1FEDD000D16885 /* TitleList.swift in Sources */ = {isa = PBXBuildFile; fileRef = C0C0B0C22B1FEDD000D16885 /* TitleList.swift */; };
		C0C0B0C52B20A2D800D16885 /* TitleRow2.swift in Sources */ = {isa = PBXBuildFile; fileRef = C0C0B0C42B20A2D800D16885 /* TitleRow2.swift */; };
		C0C0B0C72B20A3D300D16885 /* MailMaga.swift in Sources */ = {isa = PBXBuildFile; fileRef = C0C0B0C62B20A3D300D16885 /* MailMaga.swift */; };
		C0C0B0C92B20A43000D16885 /* Contact.swift in Sources */ = {isa = PBXBuildFile; fileRef = C0C0B0C82B20A43000D16885 /* Contact.swift */; };
		C0CBC2812ADE544000AB9737 /* apolloApp.swift in Sources */ = {isa = PBXBuildFile; fileRef = C0CBC2802ADE544000AB9737 /* apolloApp.swift */; };
		C0CBC2832ADE544000AB9737 /* ContentView.swift in Sources */ = {isa = PBXBuildFile; fileRef = C0CBC2822ADE544000AB9737 /* ContentView.swift */; };
		C0CBC2852ADE544200AB9737 /* Assets.xcassets in Resources */ = {isa = PBXBuildFile; fileRef = C0CBC2842ADE544200AB9737 /* Assets.xcassets */; };
		C0CBC2882ADE544200AB9737 /* Preview Assets.xcassets in Resources */ = {isa = PBXBuildFile; fileRef = C0CBC2872ADE544200AB9737 /* Preview Assets.xcassets */; };
		C0CCA5A82B2F18810000F256 /* Account.swift in Sources */ = {isa = PBXBuildFile; fileRef = C0CCA5A72B2F18810000F256 /* Account.swift */; };
		C0CCA5AB2B2F3F370000F256 /* ChatContact.swift in Sources */ = {isa = PBXBuildFile; fileRef = C0CCA5AA2B2F3F370000F256 /* ChatContact.swift */; };
		C0CCA5AD2B2F47300000F256 /* ChatRow2.swift in Sources */ = {isa = PBXBuildFile; fileRef = C0CCA5AC2B2F47300000F256 /* ChatRow2.swift */; };
		C0CCA5AF2B2F47DF0000F256 /* ChatTitleData.swift in Sources */ = {isa = PBXBuildFile; fileRef = C0CCA5AE2B2F47DF0000F256 /* ChatTitleData.swift */; };
/* End PBXBuildFile section */

/* Begin PBXFileReference section */
		C00847D52B296ECB00513AD1 /* MailMagaData.swift */ = {isa = PBXFileReference; lastKnownFileType = sourcecode.swift; path = MailMagaData.swift; sourceTree = "<group>"; };
		C00847D92B29784000513AD1 /* MailMagaRowView.swift */ = {isa = PBXFileReference; lastKnownFileType = sourcecode.swift; path = MailMagaRowView.swift; sourceTree = "<group>"; };
		C0113EAB2B2DFCBD00302446 /* ChatMessageView.swift */ = {isa = PBXFileReference; lastKnownFileType = sourcecode.swift; path = ChatMessageView.swift; sourceTree = "<group>"; };
		C0113EAD2B2DFCE200302446 /* ChatMessageData.swift */ = {isa = PBXFileReference; lastKnownFileType = sourcecode.swift; path = ChatMessageData.swift; sourceTree = "<group>"; };
		C0113EAF2B2E49D100302446 /* User.swift */ = {isa = PBXFileReference; lastKnownFileType = sourcecode.swift; path = User.swift; sourceTree = "<group>"; };
		C012B21A2B20C22800EF072C /* MyAccount.swift */ = {isa = PBXFileReference; lastKnownFileType = sourcecode.swift; path = MyAccount.swift; sourceTree = "<group>"; };
		C012B21C2B20C2B100EF072C /* TermsOfService.swift */ = {isa = PBXFileReference; lastKnownFileType = sourcecode.swift; path = TermsOfService.swift; sourceTree = "<group>"; };
		C012B21E2B20C31800EF072C /* Privacy.swift */ = {isa = PBXFileReference; lastKnownFileType = sourcecode.swift; path = Privacy.swift; sourceTree = "<group>"; };
		C012B2202B21367B00EF072C /* ChatList.swift */ = {isa = PBXFileReference; lastKnownFileType = sourcecode.swift; path = ChatList.swift; sourceTree = "<group>"; };
		C03D0CF72B353F6A00DB36B7 /* TermsAndPrivacyData.swift */ = {isa = PBXFileReference; fileEncoding = 4; lastKnownFileType = sourcecode.swift; path = TermsAndPrivacyData.swift; sourceTree = "<group>"; };
		C07765772B3110DD00EFBB81 /* ChatBubble.swift */ = {isa = PBXFileReference; lastKnownFileType = sourcecode.swift; path = ChatBubble.swift; sourceTree = "<group>"; };
		C07765792B31116C00EFBB81 /* ChatMessageCell.swift */ = {isa = PBXFileReference; lastKnownFileType = sourcecode.swift; path = ChatMessageCell.swift; sourceTree = "<group>"; };
		C077657B2B31137F00EFBB81 /* Message.swift */ = {isa = PBXFileReference; lastKnownFileType = sourcecode.swift; path = Message.swift; sourceTree = "<group>"; };
		C077657E2B3126F200EFBB81 /* test.swift */ = {isa = PBXFileReference; lastKnownFileType = sourcecode.swift; path = test.swift; sourceTree = "<group>"; };
		C07765802B3128EC00EFBB81 /* LoginView.swift */ = {isa = PBXFileReference; lastKnownFileType = sourcecode.swift; path = LoginView.swift; sourceTree = "<group>"; };
		C07765822B314EAE00EFBB81 /* Verification.swift */ = {isa = PBXFileReference; lastKnownFileType = sourcecode.swift; path = Verification.swift; sourceTree = "<group>"; };
		C07765842B318EA200EFBB81 /* LoginView2.swift */ = {isa = PBXFileReference; lastKnownFileType = sourcecode.swift; path = LoginView2.swift; sourceTree = "<group>"; };
		C07765EE2B32C00C00EFBB81 /* landmarkData.json */ = {isa = PBXFileReference; fileEncoding = 4; lastKnownFileType = text.json; path = landmarkData.json; sourceTree = "<group>"; };
		C07765F02B32C08400EFBB81 /* Landmark.swift */ = {isa = PBXFileReference; fileEncoding = 4; lastKnownFileType = sourcecode.swift; path = Landmark.swift; sourceTree = "<group>"; };
		C07765F22B32C08C00EFBB81 /* ModelData.swift */ = {isa = PBXFileReference; fileEncoding = 4; lastKnownFileType = sourcecode.swift; path = ModelData.swift; sourceTree = "<group>"; };
		C07765F42B33105600EFBB81 /* MessageData.swift */ = {isa = PBXFileReference; lastKnownFileType = sourcecode.swift; path = MessageData.swift; sourceTree = "<group>"; };
		C07BFED02B2C592D00EF18E0 /* MainTabView.swift */ = {isa = PBXFileReference; lastKnownFileType = sourcecode.swift; path = MainTabView.swift; sourceTree = "<group>"; };
		C07BFED22B2C6E5C00EF18E0 /* ChatRow.swift */ = {isa = PBXFileReference; lastKnownFileType = sourcecode.swift; path = ChatRow.swift; sourceTree = "<group>"; };
		C0C0B0B32B1FDFB300D16885 /* TopView.swift */ = {isa = PBXFileReference; lastKnownFileType = sourcecode.swift; path = TopView.swift; sourceTree = "<group>"; };
		C0C0B0B52B1FE41C00D16885 /* ChannelTabView.swift */ = {isa = PBXFileReference; lastKnownFileType = sourcecode.swift; path = ChannelTabView.swift; sourceTree = "<group>"; };
		C0C0B0B72B1FE44A00D16885 /* ChatTabView.swift */ = {isa = PBXFileReference; lastKnownFileType = sourcecode.swift; path = ChatTabView.swift; sourceTree = "<group>"; };
		C0C0B0B92B1FE46000D16885 /* SettingTabView.swift */ = {isa = PBXFileReference; lastKnownFileType = sourcecode.swift; path = SettingTabView.swift; sourceTree = "<group>"; };
		C0C0B0BE2B1FEA7600D16885 /* TitleRow.swift */ = {isa = PBXFileReference; lastKnownFileType = sourcecode.swift; path = TitleRow.swift; sourceTree = "<group>"; };
		C0C0B0C02B1FEAA100D16885 /* TitleData.swift */ = {isa = PBXFileReference; lastKnownFileType = sourcecode.swift; path = TitleData.swift; sourceTree = "<group>"; };
		C0C0B0C22B1FEDD000D16885 /* TitleList.swift */ = {isa = PBXFileReference; lastKnownFileType = sourcecode.swift; path = TitleList.swift; sourceTree = "<group>"; };
		C0C0B0C42B20A2D800D16885 /* TitleRow2.swift */ = {isa = PBXFileReference; lastKnownFileType = sourcecode.swift; path = TitleRow2.swift; sourceTree = "<group>"; };
		C0C0B0C62B20A3D300D16885 /* MailMaga.swift */ = {isa = PBXFileReference; lastKnownFileType = sourcecode.swift; path = MailMaga.swift; sourceTree = "<group>"; };
		C0C0B0C82B20A43000D16885 /* Contact.swift */ = {isa = PBXFileReference; lastKnownFileType = sourcecode.swift; path = Contact.swift; sourceTree = "<group>"; };
		C0CBC27D2ADE544000AB9737 /* apollo.app */ = {isa = PBXFileReference; explicitFileType = wrapper.application; includeInIndex = 0; path = apollo.app; sourceTree = BUILT_PRODUCTS_DIR; };
		C0CBC2802ADE544000AB9737 /* apolloApp.swift */ = {isa = PBXFileReference; lastKnownFileType = sourcecode.swift; path = apolloApp.swift; sourceTree = "<group>"; };
		C0CBC2822ADE544000AB9737 /* ContentView.swift */ = {isa = PBXFileReference; lastKnownFileType = sourcecode.swift; path = ContentView.swift; sourceTree = "<group>"; };
		C0CBC2842ADE544200AB9737 /* Assets.xcassets */ = {isa = PBXFileReference; lastKnownFileType = folder.assetcatalog; path = Assets.xcassets; sourceTree = "<group>"; };
		C0CBC2872ADE544200AB9737 /* Preview Assets.xcassets */ = {isa = PBXFileReference; lastKnownFileType = folder.assetcatalog; path = "Preview Assets.xcassets"; sourceTree = "<group>"; };
		C0CCA5A72B2F18810000F256 /* Account.swift */ = {isa = PBXFileReference; lastKnownFileType = sourcecode.swift; path = Account.swift; sourceTree = "<group>"; };
		C0CCA5AA2B2F3F370000F256 /* ChatContact.swift */ = {isa = PBXFileReference; lastKnownFileType = sourcecode.swift; path = ChatContact.swift; sourceTree = "<group>"; };
		C0CCA5AC2B2F47300000F256 /* ChatRow2.swift */ = {isa = PBXFileReference; lastKnownFileType = sourcecode.swift; path = ChatRow2.swift; sourceTree = "<group>"; };
		C0CCA5AE2B2F47DF0000F256 /* ChatTitleData.swift */ = {isa = PBXFileReference; lastKnownFileType = sourcecode.swift; path = ChatTitleData.swift; sourceTree = "<group>"; };
/* End PBXFileReference section */

/* Begin PBXFrameworksBuildPhase section */
		C0CBC27A2ADE544000AB9737 /* Frameworks */ = {
			isa = PBXFrameworksBuildPhase;
			buildActionMask = 2147483647;
			files = (
			);
			runOnlyForDeploymentPostprocessing = 0;
		};
/* End PBXFrameworksBuildPhase section */

/* Begin PBXGroup section */
		C0113EB12B2E4CF300302446 /* Channel */ = {
			isa = PBXGroup;
			children = (
				C0113EB22B2E502000302446 /* Model */,
				C0C0B0B32B1FDFB300D16885 /* TopView.swift */,
				C07BFED02B2C592D00EF18E0 /* MainTabView.swift */,
				C0C0B0C62B20A3D300D16885 /* MailMaga.swift */,
				C0C0B0C82B20A43000D16885 /* Contact.swift */,
			);
			path = Channel;
			sourceTree = "<group>";
		};
		C0113EB22B2E502000302446 /* Model */ = {
			isa = PBXGroup;
			children = (
				C0C0B0BE2B1FEA7600D16885 /* TitleRow.swift */,
				C0C0B0C42B20A2D800D16885 /* TitleRow2.swift */,
				C0C0B0C02B1FEAA100D16885 /* TitleData.swift */,
				C00847D92B29784000513AD1 /* MailMagaRowView.swift */,
				C00847D52B296ECB00513AD1 /* MailMagaData.swift */,
			);
			path = Model;
			sourceTree = "<group>";
		};
		C012B2192B20C1FA00EF072C /* Setting */ = {
			isa = PBXGroup;
			children = (
				C012B21A2B20C22800EF072C /* MyAccount.swift */,
				C012B21C2B20C2B100EF072C /* TermsOfService.swift */,
				C012B21E2B20C31800EF072C /* Privacy.swift */,
				C0CCA5A72B2F18810000F256 /* Account.swift */,
			);
			path = Setting;
			sourceTree = "<group>";
		};
		C012B2222B2136AE00EF072C /* Chat */ = {
			isa = PBXGroup;
			children = (
				C0CCA5A92B2F3CDE0000F256 /* Model */,
				C012B2202B21367B00EF072C /* ChatList.swift */,
				C0113EAB2B2DFCBD00302446 /* ChatMessageView.swift */,
				C0CCA5AA2B2F3F370000F256 /* ChatContact.swift */,
			);
			path = Chat;
			sourceTree = "<group>";
		};
		C077657D2B311AD300EFBB81 /* Authentication */ = {
			isa = PBXGroup;
			children = (
				C07765802B3128EC00EFBB81 /* LoginView.swift */,
				C07765822B314EAE00EFBB81 /* Verification.swift */,
				C07765842B318EA200EFBB81 /* LoginView2.swift */,
			);
			path = Authentication;
			sourceTree = "<group>";
		};
		C0C0B0B02B1F593E00D16885 /* View */ = {
			isa = PBXGroup;
			children = (
				C0113EB12B2E4CF300302446 /* Channel */,
				C012B2222B2136AE00EF072C /* Chat */,
				C012B2192B20C1FA00EF072C /* Setting */,
				C0C0B0B22B1F595F00D16885 /* Tab */,
				C0CBC2822ADE544000AB9737 /* ContentView.swift */,
			);
			path = View;
			sourceTree = "<group>";
		};
		C0C0B0B12B1F594D00D16885 /* Controllers */ = {
			isa = PBXGroup;
			children = (
				C077657E2B3126F200EFBB81 /* test.swift */,
			);
			path = Controllers;
			sourceTree = "<group>";
		};
		C0C0B0B22B1F595F00D16885 /* Tab */ = {
			isa = PBXGroup;
			children = (
				C0C0B0B52B1FE41C00D16885 /* ChannelTabView.swift */,
				C0C0B0B72B1FE44A00D16885 /* ChatTabView.swift */,
				C0C0B0B92B1FE46000D16885 /* SettingTabView.swift */,
			);
			path = Tab;
			sourceTree = "<group>";
		};
		C0C0B0BB2B1FEA1C00D16885 /* Present */ = {
			isa = PBXGroup;
			children = (
			);
			path = Present;
			sourceTree = "<group>";
		};
		C0C0B0BC2B1FEA3000D16885 /* Resources */ = {
			isa = PBXGroup;
			children = (
				C07765EE2B32C00C00EFBB81 /* landmarkData.json */,
			);
			path = Resources;
			sourceTree = "<group>";
		};
		C0C0B0BD2B1FEA4900D16885 /* Model */ = {
			isa = PBXGroup;
			children = (
				C0C0B0C22B1FEDD000D16885 /* TitleList.swift */,
				C0113EAF2B2E49D100302446 /* User.swift */,
				C03D0CF72B353F6A00DB36B7 /* TermsAndPrivacyData.swift */,
				C077657B2B31137F00EFBB81 /* Message.swift */,
				C07765F42B33105600EFBB81 /* MessageData.swift */,
				C07765F22B32C08C00EFBB81 /* ModelData.swift */,
				C07765F02B32C08400EFBB81 /* Landmark.swift */,
			);
			path = Model;
			sourceTree = "<group>";
		};
		C0CBC2742ADE544000AB9737 = {
			isa = PBXGroup;
			children = (
				C0CBC27F2ADE544000AB9737 /* apollo */,
				C0CBC27E2ADE544000AB9737 /* Products */,
			);
			sourceTree = "<group>";
		};
		C0CBC27E2ADE544000AB9737 /* Products */ = {
			isa = PBXGroup;
			children = (
				C0CBC27D2ADE544000AB9737 /* apollo.app */,
			);
			name = Products;
			sourceTree = "<group>";
		};
		C0CBC27F2ADE544000AB9737 /* apollo */ = {
			isa = PBXGroup;
			children = (
				C0CBC2802ADE544000AB9737 /* apolloApp.swift */,
				C0C0B0B12B1F594D00D16885 /* Controllers */,
				C077657D2B311AD300EFBB81 /* Authentication */,
				C0C0B0B02B1F593E00D16885 /* View */,
				C0C0B0BD2B1FEA4900D16885 /* Model */,
				C0C0B0BB2B1FEA1C00D16885 /* Present */,
				C0C0B0BC2B1FEA3000D16885 /* Resources */,
				C0CBC2842ADE544200AB9737 /* Assets.xcassets */,
				C0CBC2862ADE544200AB9737 /* Preview Content */,
			);
			path = apollo;
			sourceTree = "<group>";
		};
		C0CBC2862ADE544200AB9737 /* Preview Content */ = {
			isa = PBXGroup;
			children = (
				C0CBC2872ADE544200AB9737 /* Preview Assets.xcassets */,
			);
			path = "Preview Content";
			sourceTree = "<group>";
		};
		C0CCA5A92B2F3CDE0000F256 /* Model */ = {
			isa = PBXGroup;
			children = (
				C07BFED22B2C6E5C00EF18E0 /* ChatRow.swift */,
				C0CCA5AC2B2F47300000F256 /* ChatRow2.swift */,
				C0CCA5AE2B2F47DF0000F256 /* ChatTitleData.swift */,
				C0113EAD2B2DFCE200302446 /* ChatMessageData.swift */,
				C07765772B3110DD00EFBB81 /* ChatBubble.swift */,
				C07765792B31116C00EFBB81 /* ChatMessageCell.swift */,
			);
			path = Model;
			sourceTree = "<group>";
		};
/* End PBXGroup section */

/* Begin PBXNativeTarget section */
		C0CBC27C2ADE544000AB9737 /* apollo */ = {
			isa = PBXNativeTarget;
			buildConfigurationList = C0CBC28B2ADE544200AB9737 /* Build configuration list for PBXNativeTarget "apollo" */;
			buildPhases = (
				C0CBC2792ADE544000AB9737 /* Sources */,
				C0CBC27A2ADE544000AB9737 /* Frameworks */,
				C0CBC27B2ADE544000AB9737 /* Resources */,
			);
			buildRules = (
			);
			dependencies = (
			);
			name = apollo;
			productName = apollo;
			productReference = C0CBC27D2ADE544000AB9737 /* apollo.app */;
			productType = "com.apple.product-type.application";
		};
/* End PBXNativeTarget section */

/* Begin PBXProject section */
		C0CBC2752ADE544000AB9737 /* Project object */ = {
			isa = PBXProject;
			attributes = {
				BuildIndependentTargetsInParallel = 1;
				LastSwiftUpdateCheck = 1500;
				LastUpgradeCheck = 1500;
				TargetAttributes = {
					C0CBC27C2ADE544000AB9737 = {
						CreatedOnToolsVersion = 15.0;
					};
				};
			};
			buildConfigurationList = C0CBC2782ADE544000AB9737 /* Build configuration list for PBXProject "apollo" */;
			compatibilityVersion = "Xcode 14.0";
			developmentRegion = en;
			hasScannedForEncodings = 0;
			knownRegions = (
				en,
				Base,
			);
			mainGroup = C0CBC2742ADE544000AB9737;
			productRefGroup = C0CBC27E2ADE544000AB9737 /* Products */;
			projectDirPath = "";
			projectRoot = "";
			targets = (
				C0CBC27C2ADE544000AB9737 /* apollo */,
			);
		};
/* End PBXProject section */

/* Begin PBXResourcesBuildPhase section */
		C0CBC27B2ADE544000AB9737 /* Resources */ = {
			isa = PBXResourcesBuildPhase;
			buildActionMask = 2147483647;
			files = (
				C0CBC2882ADE544200AB9737 /* Preview Assets.xcassets in Resources */,
				C0CBC2852ADE544200AB9737 /* Assets.xcassets in Resources */,
				C07765EF2B32C00C00EFBB81 /* landmarkData.json in Resources */,
			);
			runOnlyForDeploymentPostprocessing = 0;
		};
/* End PBXResourcesBuildPhase section */

/* Begin PBXSourcesBuildPhase section */
		C0CBC2792ADE544000AB9737 /* Sources */ = {
			isa = PBXSourcesBuildPhase;
			buildActionMask = 2147483647;
			files = (
				C0C0B0C92B20A43000D16885 /* Contact.swift in Sources */,
				C0C0B0C52B20A2D800D16885 /* TitleRow2.swift in Sources */,
				C0CCA5AF2B2F47DF0000F256 /* ChatTitleData.swift in Sources */,
				C077657F2B3126F200EFBB81 /* test.swift in Sources */,
				C0C0B0B62B1FE41C00D16885 /* ChannelTabView.swift in Sources */,
				C0113EAC2B2DFCBD00302446 /* ChatMessageView.swift in Sources */,
				C07765F52B33105600EFBB81 /* MessageData.swift in Sources */,
				C0C0B0C32B1FEDD000D16885 /* TitleList.swift in Sources */,
				C03D0CF82B353F6A00DB36B7 /* TermsAndPrivacyData.swift in Sources */,
				C0CCA5A82B2F18810000F256 /* Account.swift in Sources */,
				C012B21B2B20C22800EF072C /* MyAccount.swift in Sources */,
				C07BFED12B2C592D00EF18E0 /* MainTabView.swift in Sources */,
				C012B2212B21367B00EF072C /* ChatList.swift in Sources */,
				C0C0B0B82B1FE44A00D16885 /* ChatTabView.swift in Sources */,
				C0113EAE2B2DFCE200302446 /* ChatMessageData.swift in Sources */,
				C07BFED32B2C6E5C00EF18E0 /* ChatRow.swift in Sources */,
				C07765F12B32C08400EFBB81 /* Landmark.swift in Sources */,
				C00847DA2B29784000513AD1 /* MailMagaRowView.swift in Sources */,
				C07765852B318EA200EFBB81 /* LoginView2.swift in Sources */,
				C012B21D2B20C2B100EF072C /* TermsOfService.swift in Sources */,
				C0C0B0BA2B1FE46000D16885 /* SettingTabView.swift in Sources */,
				C0C0B0BF2B1FEA7600D16885 /* TitleRow.swift in Sources */,
				C0CBC2832ADE544000AB9737 /* ContentView.swift in Sources */,
				C0C0B0B42B1FDFB300D16885 /* TopView.swift in Sources */,
				C077657A2B31116C00EFBB81 /* ChatMessageCell.swift in Sources */,
				C0CCA5AB2B2F3F370000F256 /* ChatContact.swift in Sources */,
				C0C0B0C12B1FEAA100D16885 /* TitleData.swift in Sources */,
				C00847D62B296ECB00513AD1 /* MailMagaData.swift in Sources */,
				C0C0B0C72B20A3D300D16885 /* MailMaga.swift in Sources */,
				C0CCA5AD2B2F47300000F256 /* ChatRow2.swift in Sources */,
				C0CBC2812ADE544000AB9737 /* apolloApp.swift in Sources */,
				C07765F32B32C08C00EFBB81 /* ModelData.swift in Sources */,
				C07765832B314EAE00EFBB81 /* Verification.swift in Sources */,
				C012B21F2B20C31800EF072C /* Privacy.swift in Sources */,
				C077657C2B31137F00EFBB81 /* Message.swift in Sources */,
				C0113EB02B2E49D100302446 /* User.swift in Sources */,
				C07765812B3128EC00EFBB81 /* LoginView.swift in Sources */,
				C07765782B3110DD00EFBB81 /* ChatBubble.swift in Sources */,
			);
			runOnlyForDeploymentPostprocessing = 0;
		};
/* End PBXSourcesBuildPhase section */

/* Begin XCBuildConfiguration section */
		C0CBC2892ADE544200AB9737 /* Debug */ = {
			isa = XCBuildConfiguration;
			buildSettings = {
				ALWAYS_SEARCH_USER_PATHS = NO;
				ASSETCATALOG_COMPILER_GENERATE_SWIFT_ASSET_SYMBOL_EXTENSIONS = YES;
				CLANG_ANALYZER_NONNULL = YES;
				CLANG_ANALYZER_NUMBER_OBJECT_CONVERSION = YES_AGGRESSIVE;
				CLANG_CXX_LANGUAGE_STANDARD = "gnu++20";
				CLANG_ENABLE_MODULES = YES;
				CLANG_ENABLE_OBJC_ARC = YES;
				CLANG_ENABLE_OBJC_WEAK = YES;
				CLANG_WARN_BLOCK_CAPTURE_AUTORELEASING = YES;
				CLANG_WARN_BOOL_CONVERSION = YES;
				CLANG_WARN_COMMA = YES;
				CLANG_WARN_CONSTANT_CONVERSION = YES;
				CLANG_WARN_DEPRECATED_OBJC_IMPLEMENTATIONS = YES;
				CLANG_WARN_DIRECT_OBJC_ISA_USAGE = YES_ERROR;
				CLANG_WARN_DOCUMENTATION_COMMENTS = YES;
				CLANG_WARN_EMPTY_BODY = YES;
				CLANG_WARN_ENUM_CONVERSION = YES;
				CLANG_WARN_INFINITE_RECURSION = YES;
				CLANG_WARN_INT_CONVERSION = YES;
				CLANG_WARN_NON_LITERAL_NULL_CONVERSION = YES;
				CLANG_WARN_OBJC_IMPLICIT_RETAIN_SELF = YES;
				CLANG_WARN_OBJC_LITERAL_CONVERSION = YES;
				CLANG_WARN_OBJC_ROOT_CLASS = YES_ERROR;
				CLANG_WARN_QUOTED_INCLUDE_IN_FRAMEWORK_HEADER = YES;
				CLANG_WARN_RANGE_LOOP_ANALYSIS = YES;
				CLANG_WARN_STRICT_PROTOTYPES = YES;
				CLANG_WARN_SUSPICIOUS_MOVE = YES;
				CLANG_WARN_UNGUARDED_AVAILABILITY = YES_AGGRESSIVE;
				CLANG_WARN_UNREACHABLE_CODE = YES;
				CLANG_WARN__DUPLICATE_METHOD_MATCH = YES;
				COPY_PHASE_STRIP = NO;
				DEBUG_INFORMATION_FORMAT = dwarf;
				ENABLE_STRICT_OBJC_MSGSEND = YES;
				ENABLE_TESTABILITY = YES;
				ENABLE_USER_SCRIPT_SANDBOXING = YES;
				GCC_C_LANGUAGE_STANDARD = gnu17;
				GCC_DYNAMIC_NO_PIC = NO;
				GCC_NO_COMMON_BLOCKS = YES;
				GCC_OPTIMIZATION_LEVEL = 0;
				GCC_PREPROCESSOR_DEFINITIONS = (
					"DEBUG=1",
					"$(inherited)",
				);
				GCC_WARN_64_TO_32_BIT_CONVERSION = YES;
				GCC_WARN_ABOUT_RETURN_TYPE = YES_ERROR;
				GCC_WARN_UNDECLARED_SELECTOR = YES;
				GCC_WARN_UNINITIALIZED_AUTOS = YES_AGGRESSIVE;
				GCC_WARN_UNUSED_FUNCTION = YES;
				GCC_WARN_UNUSED_VARIABLE = YES;
				IPHONEOS_DEPLOYMENT_TARGET = 17.0;
				LOCALIZATION_PREFERS_STRING_CATALOGS = YES;
				MTL_ENABLE_DEBUG_INFO = INCLUDE_SOURCE;
				MTL_FAST_MATH = YES;
				ONLY_ACTIVE_ARCH = YES;
				SDKROOT = iphoneos;
				SWIFT_ACTIVE_COMPILATION_CONDITIONS = "DEBUG $(inherited)";
				SWIFT_OPTIMIZATION_LEVEL = "-Onone";
			};
			name = Debug;
		};
		C0CBC28A2ADE544200AB9737 /* Release */ = {
			isa = XCBuildConfiguration;
			buildSettings = {
				ALWAYS_SEARCH_USER_PATHS = NO;
				ASSETCATALOG_COMPILER_GENERATE_SWIFT_ASSET_SYMBOL_EXTENSIONS = YES;
				CLANG_ANALYZER_NONNULL = YES;
				CLANG_ANALYZER_NUMBER_OBJECT_CONVERSION = YES_AGGRESSIVE;
				CLANG_CXX_LANGUAGE_STANDARD = "gnu++20";
				CLANG_ENABLE_MODULES = YES;
				CLANG_ENABLE_OBJC_ARC = YES;
				CLANG_ENABLE_OBJC_WEAK = YES;
				CLANG_WARN_BLOCK_CAPTURE_AUTORELEASING = YES;
				CLANG_WARN_BOOL_CONVERSION = YES;
				CLANG_WARN_COMMA = YES;
				CLANG_WARN_CONSTANT_CONVERSION = YES;
				CLANG_WARN_DEPRECATED_OBJC_IMPLEMENTATIONS = YES;
				CLANG_WARN_DIRECT_OBJC_ISA_USAGE = YES_ERROR;
				CLANG_WARN_DOCUMENTATION_COMMENTS = YES;
				CLANG_WARN_EMPTY_BODY = YES;
				CLANG_WARN_ENUM_CONVERSION = YES;
				CLANG_WARN_INFINITE_RECURSION = YES;
				CLANG_WARN_INT_CONVERSION = YES;
				CLANG_WARN_NON_LITERAL_NULL_CONVERSION = YES;
				CLANG_WARN_OBJC_IMPLICIT_RETAIN_SELF = YES;
				CLANG_WARN_OBJC_LITERAL_CONVERSION = YES;
				CLANG_WARN_OBJC_ROOT_CLASS = YES_ERROR;
				CLANG_WARN_QUOTED_INCLUDE_IN_FRAMEWORK_HEADER = YES;
				CLANG_WARN_RANGE_LOOP_ANALYSIS = YES;
				CLANG_WARN_STRICT_PROTOTYPES = YES;
				CLANG_WARN_SUSPICIOUS_MOVE = YES;
				CLANG_WARN_UNGUARDED_AVAILABILITY = YES_AGGRESSIVE;
				CLANG_WARN_UNREACHABLE_CODE = YES;
				CLANG_WARN__DUPLICATE_METHOD_MATCH = YES;
				COPY_PHASE_STRIP = NO;
				DEBUG_INFORMATION_FORMAT = "dwarf-with-dsym";
				ENABLE_NS_ASSERTIONS = NO;
				ENABLE_STRICT_OBJC_MSGSEND = YES;
				ENABLE_USER_SCRIPT_SANDBOXING = YES;
				GCC_C_LANGUAGE_STANDARD = gnu17;
				GCC_NO_COMMON_BLOCKS = YES;
				GCC_WARN_64_TO_32_BIT_CONVERSION = YES;
				GCC_WARN_ABOUT_RETURN_TYPE = YES_ERROR;
				GCC_WARN_UNDECLARED_SELECTOR = YES;
				GCC_WARN_UNINITIALIZED_AUTOS = YES_AGGRESSIVE;
				GCC_WARN_UNUSED_FUNCTION = YES;
				GCC_WARN_UNUSED_VARIABLE = YES;
				IPHONEOS_DEPLOYMENT_TARGET = 17.0;
				LOCALIZATION_PREFERS_STRING_CATALOGS = YES;
				MTL_ENABLE_DEBUG_INFO = NO;
				MTL_FAST_MATH = YES;
				SDKROOT = iphoneos;
				SWIFT_COMPILATION_MODE = wholemodule;
				VALIDATE_PRODUCT = YES;
			};
			name = Release;
		};
		C0CBC28C2ADE544200AB9737 /* Debug */ = {
			isa = XCBuildConfiguration;
			buildSettings = {
				ASSETCATALOG_COMPILER_APPICON_NAME = AppIcon;
				ASSETCATALOG_COMPILER_GLOBAL_ACCENT_COLOR_NAME = AccentColor;
				CODE_SIGN_STYLE = Automatic;
				CURRENT_PROJECT_VERSION = 1;
				DEVELOPMENT_ASSET_PATHS = "\"apollo/Preview Content\"";
				DEVELOPMENT_TEAM = D5A9Q686FW;
				ENABLE_PREVIEWS = YES;
				GENERATE_INFOPLIST_FILE = YES;
				INFOPLIST_KEY_UIApplicationSceneManifest_Generation = YES;
				INFOPLIST_KEY_UIApplicationSupportsIndirectInputEvents = YES;
				INFOPLIST_KEY_UILaunchScreen_Generation = YES;
				INFOPLIST_KEY_UISupportedInterfaceOrientations_iPad = "UIInterfaceOrientationPortrait UIInterfaceOrientationPortraitUpsideDown UIInterfaceOrientationLandscapeLeft UIInterfaceOrientationLandscapeRight";
				INFOPLIST_KEY_UISupportedInterfaceOrientations_iPhone = "UIInterfaceOrientationPortrait UIInterfaceOrientationLandscapeLeft UIInterfaceOrientationLandscapeRight";
				LD_RUNPATH_SEARCH_PATHS = (
					"$(inherited)",
					"@executable_path/Frameworks",
				);
				MARKETING_VERSION = 1.0;
				PRODUCT_BUNDLE_IDENTIFIER = "jp.marune.it-gakkou.akao.apollo.apollo";
				PRODUCT_NAME = "$(TARGET_NAME)";
				SWIFT_EMIT_LOC_STRINGS = YES;
				SWIFT_VERSION = 5.0;
				TARGETED_DEVICE_FAMILY = "1,2";
			};
			name = Debug;
		};
		C0CBC28D2ADE544200AB9737 /* Release */ = {
			isa = XCBuildConfiguration;
			buildSettings = {
				ASSETCATALOG_COMPILER_APPICON_NAME = AppIcon;
				ASSETCATALOG_COMPILER_GLOBAL_ACCENT_COLOR_NAME = AccentColor;
				CODE_SIGN_STYLE = Automatic;
				CURRENT_PROJECT_VERSION = 1;
				DEVELOPMENT_ASSET_PATHS = "\"apollo/Preview Content\"";
				DEVELOPMENT_TEAM = D5A9Q686FW;
				ENABLE_PREVIEWS = YES;
				GENERATE_INFOPLIST_FILE = YES;
				INFOPLIST_KEY_UIApplicationSceneManifest_Generation = YES;
				INFOPLIST_KEY_UIApplicationSupportsIndirectInputEvents = YES;
				INFOPLIST_KEY_UILaunchScreen_Generation = YES;
				INFOPLIST_KEY_UISupportedInterfaceOrientations_iPad = "UIInterfaceOrientationPortrait UIInterfaceOrientationPortraitUpsideDown UIInterfaceOrientationLandscapeLeft UIInterfaceOrientationLandscapeRight";
				INFOPLIST_KEY_UISupportedInterfaceOrientations_iPhone = "UIInterfaceOrientationPortrait UIInterfaceOrientationLandscapeLeft UIInterfaceOrientationLandscapeRight";
				LD_RUNPATH_SEARCH_PATHS = (
					"$(inherited)",
					"@executable_path/Frameworks",
				);
				MARKETING_VERSION = 1.0;
				PRODUCT_BUNDLE_IDENTIFIER = "jp.marune.it-gakkou.akao.apollo.apollo";
				PRODUCT_NAME = "$(TARGET_NAME)";
				SWIFT_EMIT_LOC_STRINGS = YES;
				SWIFT_VERSION = 5.0;
				TARGETED_DEVICE_FAMILY = "1,2";
			};
			name = Release;
		};
/* End XCBuildConfiguration section */

/* Begin XCConfigurationList section */
		C0CBC2782ADE544000AB9737 /* Build configuration list for PBXProject "apollo" */ = {
			isa = XCConfigurationList;
			buildConfigurations = (
				C0CBC2892ADE544200AB9737 /* Debug */,
				C0CBC28A2ADE544200AB9737 /* Release */,
			);
			defaultConfigurationIsVisible = 0;
			defaultConfigurationName = Release;
		};
		C0CBC28B2ADE544200AB9737 /* Build configuration list for PBXNativeTarget "apollo" */ = {
			isa = XCConfigurationList;
			buildConfigurations = (
				C0CBC28C2ADE544200AB9737 /* Debug */,
				C0CBC28D2ADE544200AB9737 /* Release */,
			);
			defaultConfigurationIsVisible = 0;
			defaultConfigurationName = Release;
		};
/* End XCConfigurationList section */
	};
	rootObject = C0CBC2752ADE544000AB9737 /* Project object */;
}
